
Microsoft Visual Studio Solution File, Format Version 12.00
# Visual Studio Version 17
VisualStudioVersion = 17.0.32014.148
MinimumVisualStudioVersion = 10.0.40219.1
Project("{9A19103F-16F7-4668-BE54-9A1E7A4F7556}") = "WinTail", "CSharp\DoThis\WinTail\WinTail.csproj", "{58851BB8-A7E4-4CED-8421-2B3263F4E6BD}"
EndProject
Project("{F2A71F9B-5D33-465A-A702-920D77279786}") = "WinTail-FSharp", "FSharp\DoThis\WinTail-FSharp\WinTail-FSharp.fsproj", "{B031B9A0-4F84-49D4-AA3D-48B9707B5258}"
EndProject
Global
	GlobalSection(SolutionConfigurationPlatforms) = preSolution
		Debug|Any CPU = Debug|Any CPU
		Release|Any CPU = Release|Any CPU
	EndGlobalSection
	GlobalSection(ProjectConfigurationPlatforms) = postSolution
		{58851BB8-A7E4-4CED-8421-2B3263F4E6BD}.Debug|Any CPU.ActiveCfg = Debug|Any CPU
		{58851BB8-A7E4-4CED-8421-2B3263F4E6BD}.Debug|Any CPU.Build.0 = Debug|Any CPU
		{58851BB8-A7E4-4CED-8421-2B3263F4E6BD}.Release|Any CPU.ActiveCfg = Release|Any CPU
		{58851BB8-A7E4-4CED-8421-2B3263F4E6BD}.Release|Any CPU.Build.0 = Release|Any CPU
		{B031B9A0-4F84-49D4-AA3D-48B9707B5258}.Debug|Any CPU.ActiveCfg = Debug|Any CPU
		{B031B9A0-4F84-49D4-AA3D-48B9707B5258}.Debug|Any CPU.Build.0 = Debug|Any CPU
		{B031B9A0-4F84-49D4-AA3D-48B9707B5258}.Release|Any CPU.ActiveCfg = Release|Any CPU
		{B031B9A0-4F84-49D4-AA3D-48B9707B5258}.Release|Any CPU.Build.0 = Release|Any CPU
	EndGlobalSection
	GlobalSection(SolutionProperties) = preSolution
		HideSolutionNode = FALSE
	EndGlobalSection
	GlobalSection(ExtensibilityGlobals) = postSolution
		SolutionGuid = {6DECF419-E907-4B40-8CE3-E8938BED524B}
	EndGlobalSection
EndGlobal
